// !$*UTF8*$!
{
	archiveVersion = 1;
	classes = {
	};
	objectVersion = 77;
	objects = {

/* Begin PBXContainerItemProxy section */
		E80B3D882D04887600BD69E4 /* PBXContainerItemProxy */ = {
			isa = PBXContainerItemProxy;
			containerPortal = E80B3D6F2D04887500BD69E4 /* Project object */;
			proxyType = 1;
			remoteGlobalIDString = E80B3D762D04887500BD69E4;
			remoteInfo = Daryrus;
		};
		E80B3D922D04887600BD69E4 /* PBXContainerItemProxy */ = {
			isa = PBXContainerItemProxy;
			containerPortal = E80B3D6F2D04887500BD69E4 /* Project object */;
			proxyType = 1;
			remoteGlobalIDString = E80B3D762D04887500BD69E4;
			remoteInfo = Daryrus;
		};
/* End PBXContainerItemProxy section */

/* Begin PBXFileReference section */
		E80B3D772D04887500BD69E4 /* Daryrus.app */ = {isa = PBXFileReference; explicitFileType = wrapper.application; includeInIndex = 0; path = Daryrus.app; sourceTree = BUILT_PRODUCTS_DIR; };
		E80B3D872D04887600BD69E4 /* DaryrusTests.xctest */ = {isa = PBXFileReference; explicitFileType = wrapper.cfbundle; includeInIndex = 0; path = DaryrusTests.xctest; sourceTree = BUILT_PRODUCTS_DIR; };
		E80B3D912D04887600BD69E4 /* DaryrusUITests.xctest */ = {isa = PBXFileReference; explicitFileType = wrapper.cfbundle; includeInIndex = 0; path = DaryrusUITests.xctest; sourceTree = BUILT_PRODUCTS_DIR; };
/* End PBXFileReference section */

/* Begin PBXFileSystemSynchronizedBuildFileExceptionSet section */
		E80B3DA52D048A8D00BD69E4 /* Exceptions for "Daryrus" folder in "Daryrus" target */ = {
			isa = PBXFileSystemSynchronizedBuildFileExceptionSet;
			membershipExceptions = (
				Info.plist,
			);
			target = E80B3D762D04887500BD69E4 /* Daryrus */;
		};
/* End PBXFileSystemSynchronizedBuildFileExceptionSet section */

/* Begin PBXFileSystemSynchronizedRootGroup section */
		E80B3D792D04887500BD69E4 /* Daryrus */ = {
			isa = PBXFileSystemSynchronizedRootGroup;
			exceptions = (
				E80B3DA52D048A8D00BD69E4 /* Exceptions for "Daryrus" folder in "Daryrus" target */,
			);
			path = Daryrus;
			sourceTree = "<group>";
		};
		E80B3D8A2D04887600BD69E4 /* DaryrusTests */ = {
			isa = PBXFileSystemSynchronizedRootGroup;
			path = DaryrusTests;
			sourceTree = "<group>";
		};
		E80B3D942D04887600BD69E4 /* DaryrusUITests */ = {
			isa = PBXFileSystemSynchronizedRootGroup;
			path = DaryrusUITests;
			sourceTree = "<group>";
		};
/* End PBXFileSystemSynchronizedRootGroup section */

/* Begin PBXFrameworksBuildPhase section */
		E80B3D742D04887500BD69E4 /* Frameworks */ = {
			isa = PBXFrameworksBuildPhase;
			buildActionMask = 2147483647;
			files = (
			);
			runOnlyForDeploymentPostprocessing = 0;
		};
		E80B3D842D04887600BD69E4 /* Frameworks */ = {
			isa = PBXFrameworksBuildPhase;
			buildActionMask = 2147483647;
			files = (
			);
			runOnlyForDeploymentPostprocessing = 0;
		};
		E80B3D8E2D04887600BD69E4 /* Frameworks */ = {
			isa = PBXFrameworksBuildPhase;
			buildActionMask = 2147483647;
			files = (
			);
			runOnlyForDeploymentPostprocessing = 0;
		};
/* End PBXFrameworksBuildPhase section */

/* Begin PBXGroup section */
		E80B3D6E2D04887500BD69E4 = {
			isa = PBXGroup;
			children = (
				E80B3D792D04887500BD69E4 /* Daryrus */,
				E80B3D8A2D04887600BD69E4 /* DaryrusTests */,
				E80B3D942D04887600BD69E4 /* DaryrusUITests */,
				E80B3D782D04887500BD69E4 /* Products */,
			);
			sourceTree = "<group>";
		};
		E80B3D782D04887500BD69E4 /* Products */ = {
			isa = PBXGroup;
			children = (
				E80B3D772D04887500BD69E4 /* Daryrus.app */,
				E80B3D872D04887600BD69E4 /* DaryrusTests.xctest */,
				E80B3D912D04887600BD69E4 /* DaryrusUITests.xctest */,
			);
			name = Products;
			sourceTree = "<group>";
		};
/* End PBXGroup section */

/* Begin PBXNativeTarget section */
		E80B3D762D04887500BD69E4 /* Daryrus */ = {
			isa = PBXNativeTarget;
			buildConfigurationList = E80B3D9B2D04887600BD69E4 /* Build configuration list for PBXNativeTarget "Daryrus" */;
			buildPhases = (
				E80B3D732D04887500BD69E4 /* Sources */,
				E80B3D742D04887500BD69E4 /* Frameworks */,
				E80B3D752D04887500BD69E4 /* Resources */,
			);
			buildRules = (
			);
			dependencies = (
			);
			fileSystemSynchronizedGroups = (
				E80B3D792D04887500BD69E4 /* Daryrus */,
			);
			name = Daryrus;
			packageProductDependencies = (
			);
			productName = Daryrus;
			productReference = E80B3D772D04887500BD69E4 /* Daryrus.app */;
			productType = "com.apple.product-type.application";
		};
		E80B3D862D04887600BD69E4 /* DaryrusTests */ = {
			isa = PBXNativeTarget;
			buildConfigurationList = E80B3D9E2D04887600BD69E4 /* Build configuration list for PBXNativeTarget "DaryrusTests" */;
			buildPhases = (
				E80B3D832D04887600BD69E4 /* Sources */,
				E80B3D842D04887600BD69E4 /* Frameworks */,
				E80B3D852D04887600BD69E4 /* Resources */,
			);
			buildRules = (
			);
			dependencies = (
				E80B3D892D04887600BD69E4 /* PBXTargetDependency */,
			);
			fileSystemSynchronizedGroups = (
				E80B3D8A2D04887600BD69E4 /* DaryrusTests */,
			);
			name = DaryrusTests;
			packageProductDependencies = (
			);
			productName = DaryrusTests;
			productReference = E80B3D872D04887600BD69E4 /* DaryrusTests.xctest */;
			productType = "com.apple.product-type.bundle.unit-test";
		};
		E80B3D902D04887600BD69E4 /* DaryrusUITests */ = {
			isa = PBXNativeTarget;
			buildConfigurationList = E80B3DA12D04887600BD69E4 /* Build configuration list for PBXNativeTarget "DaryrusUITests" */;
			buildPhases = (
				E80B3D8D2D04887600BD69E4 /* Sources */,
				E80B3D8E2D04887600BD69E4 /* Frameworks */,
				E80B3D8F2D04887600BD69E4 /* Resources */,
			);
			buildRules = (
			);
			dependencies = (
				E80B3D932D04887600BD69E4 /* PBXTargetDependency */,
			);
			fileSystemSynchronizedGroups = (
				E80B3D942D04887600BD69E4 /* DaryrusUITests */,
			);
			name = DaryrusUITests;
			packageProductDependencies = (
			);
			productName = DaryrusUITests;
			productReference = E80B3D912D04887600BD69E4 /* DaryrusUITests.xctest */;
			productType = "com.apple.product-type.bundle.ui-testing";
		};
/* End PBXNativeTarget section */

/* Begin PBXProject section */
		E80B3D6F2D04887500BD69E4 /* Project object */ = {
			isa = PBXProject;
			attributes = {
				BuildIndependentTargetsInParallel = 1;
				LastSwiftUpdateCheck = 1610;
				LastUpgradeCheck = 1610;
				TargetAttributes = {
					E80B3D762D04887500BD69E4 = {
						CreatedOnToolsVersion = 16.1;
					};
					E80B3D862D04887600BD69E4 = {
						CreatedOnToolsVersion = 16.1;
						TestTargetID = E80B3D762D04887500BD69E4;
					};
					E80B3D902D04887600BD69E4 = {
						CreatedOnToolsVersion = 16.1;
						TestTargetID = E80B3D762D04887500BD69E4;
					};
				};
			};
			buildConfigurationList = E80B3D722D04887500BD69E4 /* Build configuration list for PBXProject "Daryrus" */;
			developmentRegion = en;
			hasScannedForEncodings = 0;
			knownRegions = (
				en,
				Base,
			);
			mainGroup = E80B3D6E2D04887500BD69E4;
			minimizedProjectReferenceProxies = 1;
			preferredProjectObjectVersion = 77;
			productRefGroup = E80B3D782D04887500BD69E4 /* Products */;
			projectDirPath = "";
			projectRoot = "";
			targets = (
				E80B3D762D04887500BD69E4 /* Daryrus */,
				E80B3D862D04887600BD69E4 /* DaryrusTests */,
				E80B3D902D04887600BD69E4 /* DaryrusUITests */,
			);
		};
/* End PBXProject section */

/* Begin PBXResourcesBuildPhase section */
		E80B3D752D04887500BD69E4 /* Resources */ = {
			isa = PBXResourcesBuildPhase;
			buildActionMask = 2147483647;
			files = (
			);
			runOnlyForDeploymentPostprocessing = 0;
		};
		E80B3D852D04887600BD69E4 /* Resources */ = {
			isa = PBXResourcesBuildPhase;
			buildActionMask = 2147483647;
			files = (
			);
			runOnlyForDeploymentPostprocessing = 0;
		};
		E80B3D8F2D04887600BD69E4 /* Resources */ = {
			isa = PBXResourcesBuildPhase;
			buildActionMask = 2147483647;
			files = (
			);
			runOnlyForDeploymentPostprocessing = 0;
		};
/* End PBXResourcesBuildPhase section */

/* Begin PBXSourcesBuildPhase section */
		E80B3D732D04887500BD69E4 /* Sources */ = {
			isa = PBXSourcesBuildPhase;
			buildActionMask = 2147483647;
			files = (
			);
			runOnlyForDeploymentPostprocessing = 0;
		};
		E80B3D832D04887600BD69E4 /* Sources */ = {
			isa = PBXSourcesBuildPhase;
			buildActionMask = 2147483647;
			files = (
			);
			runOnlyForDeploymentPostprocessing = 0;
		};
		E80B3D8D2D04887600BD69E4 /* Sources */ = {
			isa = PBXSourcesBuildPhase;
			buildActionMask = 2147483647;
			files = (
			);
			runOnlyForDeploymentPostprocessing = 0;
		};
/* End PBXSourcesBuildPhase section */

/* Begin PBXTargetDependency section */
		E80B3D892D04887600BD69E4 /* PBXTargetDependency */ = {
			isa = PBXTargetDependency;
			target = E80B3D762D04887500BD69E4 /* Daryrus */;
			targetProxy = E80B3D882D04887600BD69E4 /* PBXContainerItemProxy */;
		};
		E80B3D932D04887600BD69E4 /* PBXTargetDependency */ = {
			isa = PBXTargetDependency;
			target = E80B3D762D04887500BD69E4 /* Daryrus */;
			targetProxy = E80B3D922D04887600BD69E4 /* PBXContainerItemProxy */;
		};
/* End PBXTargetDependency section */

/* Begin XCBuildConfiguration section */
		E80B3D992D04887600BD69E4 /* Debug */ = {
			isa = XCBuildConfiguration;
			buildSettings = {
				ALWAYS_SEARCH_USER_PATHS = NO;
				ASSETCATALOG_COMPILER_GENERATE_SWIFT_ASSET_SYMBOL_EXTENSIONS = YES;
				CLANG_ANALYZER_NONNULL = YES;
				CLANG_ANALYZER_NUMBER_OBJECT_CONVERSION = YES_AGGRESSIVE;
				CLANG_CXX_LANGUAGE_STANDARD = "gnu++20";
				CLANG_ENABLE_MODULES = YES;
				CLANG_ENABLE_OBJC_ARC = YES;
				CLANG_ENABLE_OBJC_WEAK = YES;
				CLANG_WARN_BLOCK_CAPTURE_AUTORELEASING = YES;
				CLANG_WARN_BOOL_CONVERSION = YES;
				CLANG_WARN_COMMA = YES;
				CLANG_WARN_CONSTANT_CONVERSION = YES;
				CLANG_WARN_DEPRECATED_OBJC_IMPLEMENTATIONS = YES;
				CLANG_WARN_DIRECT_OBJC_ISA_USAGE = YES_ERROR;
				CLANG_WARN_DOCUMENTATION_COMMENTS = YES;
				CLANG_WARN_EMPTY_BODY = YES;
				CLANG_WARN_ENUM_CONVERSION = YES;
				CLANG_WARN_INFINITE_RECURSION = YES;
				CLANG_WARN_INT_CONVERSION = YES;
				CLANG_WARN_NON_LITERAL_NULL_CONVERSION = YES;
				CLANG_WARN_OBJC_IMPLICIT_RETAIN_SELF = YES;
				CLANG_WARN_OBJC_LITERAL_CONVERSION = YES;
				CLANG_WARN_OBJC_ROOT_CLASS = YES_ERROR;
				CLANG_WARN_QUOTED_INCLUDE_IN_FRAMEWORK_HEADER = YES;
				CLANG_WARN_RANGE_LOOP_ANALYSIS = YES;
				CLANG_WARN_STRICT_PROTOTYPES = YES;
				CLANG_WARN_SUSPICIOUS_MOVE = YES;
				CLANG_WARN_UNGUARDED_AVAILABILITY = YES_AGGRESSIVE;
				CLANG_WARN_UNREACHABLE_CODE = YES;
				CLANG_WARN__DUPLICATE_METHOD_MATCH = YES;
				COPY_PHASE_STRIP = NO;
				DEBUG_INFORMATION_FORMAT = dwarf;
				ENABLE_STRICT_OBJC_MSGSEND = YES;
				ENABLE_TESTABILITY = YES;
				ENABLE_USER_SCRIPT_SANDBOXING = YES;
				GCC_C_LANGUAGE_STANDARD = gnu17;
				GCC_DYNAMIC_NO_PIC = NO;
				GCC_NO_COMMON_BLOCKS = YES;
				GCC_OPTIMIZATION_LEVEL = 0;
				GCC_PREPROCESSOR_DEFINITIONS = (
					"DEBUG=1",
					"$(inherited)",
				);
				GCC_WARN_64_TO_32_BIT_CONVERSION = YES;
				GCC_WARN_ABOUT_RETURN_TYPE = YES_ERROR;
				GCC_WARN_UNDECLARED_SELECTOR = YES;
				GCC_WARN_UNINITIALIZED_AUTOS = YES_AGGRESSIVE;
				GCC_WARN_UNUSED_FUNCTION = YES;
				GCC_WARN_UNUSED_VARIABLE = YES;
				IPHONEOS_DEPLOYMENT_TARGET = 18.1;
				LOCALIZATION_PREFERS_STRING_CATALOGS = YES;
				MTL_ENABLE_DEBUG_INFO = INCLUDE_SOURCE;
				MTL_FAST_MATH = YES;
				ONLY_ACTIVE_ARCH = YES;
				SDKROOT = iphoneos;
				SWIFT_ACTIVE_COMPILATION_CONDITIONS = "DEBUG $(inherited)";
				SWIFT_OPTIMIZATION_LEVEL = "-Onone";
			};
			name = Debug;
		};
		E80B3D9A2D04887600BD69E4 /* Release */ = {
			isa = XCBuildConfiguration;
			buildSettings = {
				ALWAYS_SEARCH_USER_PATHS = NO;
				ASSETCATALOG_COMPILER_GENERATE_SWIFT_ASSET_SYMBOL_EXTENSIONS = YES;
				CLANG_ANALYZER_NONNULL = YES;
				CLANG_ANALYZER_NUMBER_OBJECT_CONVERSION = YES_AGGRESSIVE;
				CLANG_CXX_LANGUAGE_STANDARD = "gnu++20";
				CLANG_ENABLE_MODULES = YES;
				CLANG_ENABLE_OBJC_ARC = YES;
				CLANG_ENABLE_OBJC_WEAK = YES;
				CLANG_WARN_BLOCK_CAPTURE_AUTORELEASING = YES;
				CLANG_WARN_BOOL_CONVERSION = YES;
				CLANG_WARN_COMMA = YES;
				CLANG_WARN_CONSTANT_CONVERSION = YES;
				CLANG_WARN_DEPRECATED_OBJC_IMPLEMENTATIONS = YES;
				CLANG_WARN_DIRECT_OBJC_ISA_USAGE = YES_ERROR;
				CLANG_WARN_DOCUMENTATION_COMMENTS = YES;
				CLANG_WARN_EMPTY_BODY = YES;
				CLANG_WARN_ENUM_CONVERSION = YES;
				CLANG_WARN_INFINITE_RECURSION = YES;
				CLANG_WARN_INT_CONVERSION = YES;
				CLANG_WARN_NON_LITERAL_NULL_CONVERSION = YES;
				CLANG_WARN_OBJC_IMPLICIT_RETAIN_SELF = YES;
				CLANG_WARN_OBJC_LITERAL_CONVERSION = YES;
				CLANG_WARN_OBJC_ROOT_CLASS = YES_ERROR;
				CLANG_WARN_QUOTED_INCLUDE_IN_FRAMEWORK_HEADER = YES;
				CLANG_WARN_RANGE_LOOP_ANALYSIS = YES;
				CLANG_WARN_STRICT_PROTOTYPES = YES;
				CLANG_WARN_SUSPICIOUS_MOVE = YES;
				CLANG_WARN_UNGUARDED_AVAILABILITY = YES_AGGRESSIVE;
				CLANG_WARN_UNREACHABLE_CODE = YES;
				CLANG_WARN__DUPLICATE_METHOD_MATCH = YES;
				COPY_PHASE_STRIP = NO;
				DEBUG_INFORMATION_FORMAT = "dwarf-with-dsym";
				ENABLE_NS_ASSERTIONS = NO;
				ENABLE_STRICT_OBJC_MSGSEND = YES;
				ENABLE_USER_SCRIPT_SANDBOXING = YES;
				GCC_C_LANGUAGE_STANDARD = gnu17;
				GCC_NO_COMMON_BLOCKS = YES;
				GCC_WARN_64_TO_32_BIT_CONVERSION = YES;
				GCC_WARN_ABOUT_RETURN_TYPE = YES_ERROR;
				GCC_WARN_UNDECLARED_SELECTOR = YES;
				GCC_WARN_UNINITIALIZED_AUTOS = YES_AGGRESSIVE;
				GCC_WARN_UNUSED_FUNCTION = YES;
				GCC_WARN_UNUSED_VARIABLE = YES;
				IPHONEOS_DEPLOYMENT_TARGET = 18.1;
				LOCALIZATION_PREFERS_STRING_CATALOGS = YES;
				MTL_ENABLE_DEBUG_INFO = NO;
				MTL_FAST_MATH = YES;
				SDKROOT = iphoneos;
				SWIFT_COMPILATION_MODE = wholemodule;
				VALIDATE_PRODUCT = YES;
			};
			name = Release;
		};
		E80B3D9C2D04887600BD69E4 /* Debug */ = {
			isa = XCBuildConfiguration;
			buildSettings = {
				ASSETCATALOG_COMPILER_APPICON_NAME = AppIcon;
				ASSETCATALOG_COMPILER_GLOBAL_ACCENT_COLOR_NAME = AccentColor;
				CODE_SIGN_STYLE = Automatic;
				CURRENT_PROJECT_VERSION = 1;
				DEVELOPMENT_ASSET_PATHS = "\"Daryrus/Preview Content\"";
				DEVELOPMENT_TEAM = 2RGF372J95;
				ENABLE_PREVIEWS = YES;
				GENERATE_INFOPLIST_FILE = YES;
				INFOPLIST_FILE = Daryrus/Info.plist;
				INFOPLIST_KEY_UIApplicationSceneManifest_Generation = YES;
				INFOPLIST_KEY_UIApplicationSupportsIndirectInputEvents = YES;
				INFOPLIST_KEY_UILaunchScreen_Generation = YES;
				INFOPLIST_KEY_UISupportedInterfaceOrientations_iPad = "UIInterfaceOrientationPortrait UIInterfaceOrientationPortraitUpsideDown UIInterfaceOrientationLandscapeLeft UIInterfaceOrientationLandscapeRight";
				INFOPLIST_KEY_UISupportedInterfaceOrientations_iPhone = "UIInterfaceOrientationPortrait UIInterfaceOrientationLandscapeLeft UIInterfaceOrientationLandscapeRight";
				LD_RUNPATH_SEARCH_PATHS = (
					"$(inherited)",
					"@executable_path/Frameworks",
				);
				MARKETING_VERSION = 1.0;
				PRODUCT_BUNDLE_IDENTIFIER = com.ljc.Daryrus.Daryrus;
				PRODUCT_NAME = "$(TARGET_NAME)";
				SWIFT_EMIT_LOC_STRINGS = YES;
				SWIFT_VERSION = 5.0;
				TARGETED_DEVICE_FAMILY = "1,2";
			};
			name = Debug;
		};
		E80B3D9D2D04887600BD69E4 /* Release */ = {
			isa = XCBuildConfiguration;
			buildSettings = {
				ASSETCATALOG_COMPILER_APPICON_NAME = AppIcon;
				ASSETCATALOG_COMPILER_GLOBAL_ACCENT_COLOR_NAME = AccentColor;
				CODE_SIGN_STYLE = Automatic;
				CURRENT_PROJECT_VERSION = 1;
				DEVELOPMENT_ASSET_PATHS = "\"Daryrus/Preview Content\"";
				DEVELOPMENT_TEAM = 2RGF372J95;
				ENABLE_PREVIEWS = YES;
				GENERATE_INFOPLIST_FILE = YES;
				INFOPLIST_FILE = Daryrus/Info.plist;
				INFOPLIST_KEY_UIApplicationSceneManifest_Generation = YES;
				INFOPLIST_KEY_UIApplicationSupportsIndirectInputEvents = YES;
				INFOPLIST_KEY_UILaunchScreen_Generation = YES;
				INFOPLIST_KEY_UISupportedInterfaceOrientations_iPad = "UIInterfaceOrientationPortrait UIInterfaceOrientationPortraitUpsideDown UIInterfaceOrientationLandscapeLeft UIInterfaceOrientationLandscapeRight";
				INFOPLIST_KEY_UISupportedInterfaceOrientations_iPhone = "UIInterfaceOrientationPortrait UIInterfaceOrientationLandscapeLeft UIInterfaceOrientationLandscapeRight";
				LD_RUNPATH_SEARCH_PATHS = (
					"$(inherited)",
					"@executable_path/Frameworks",
				);
				MARKETING_VERSION = 1.0;
				PRODUCT_BUNDLE_IDENTIFIER = com.ljc.Daryrus.Daryrus;
				PRODUCT_NAME = "$(TARGET_NAME)";
				SWIFT_EMIT_LOC_STRINGS = YES;
				SWIFT_VERSION = 5.0;
				TARGETED_DEVICE_FAMILY = "1,2";
			};
			name = Release;
		};
		E80B3D9F2D04887600BD69E4 /* Debug */ = {
			isa = XCBuildConfiguration;
			buildSettings = {
				BUNDLE_LOADER = "$(TEST_HOST)";
				CODE_SIGN_STYLE = Automatic;
				CURRENT_PROJECT_VERSION = 1;
				DEVELOPMENT_TEAM = 2RGF372J95;
				GENERATE_INFOPLIST_FILE = YES;
				IPHONEOS_DEPLOYMENT_TARGET = 18.1;
				MARKETING_VERSION = 1.0;
				PRODUCT_BUNDLE_IDENTIFIER = com.ljc.Daryrus.DaryrusTests;
				PRODUCT_NAME = "$(TARGET_NAME)";
				SWIFT_EMIT_LOC_STRINGS = NO;
				SWIFT_VERSION = 5.0;
				TARGETED_DEVICE_FAMILY = "1,2";
				TEST_HOST = "$(BUILT_PRODUCTS_DIR)/Daryrus.app/$(BUNDLE_EXECUTABLE_FOLDER_PATH)/Daryrus";
			};
			name = Debug;
		};
		E80B3DA02D04887600BD69E4 /* Release */ = {
			isa = XCBuildConfiguration;
			buildSettings = {
				BUNDLE_LOADER = "$(TEST_HOST)";
				CODE_SIGN_STYLE = Automatic;
				CURRENT_PROJECT_VERSION = 1;
				DEVELOPMENT_TEAM = 2RGF372J95;
				GENERATE_INFOPLIST_FILE = YES;
				IPHONEOS_DEPLOYMENT_TARGET = 18.1;
				MARKETING_VERSION = 1.0;
				PRODUCT_BUNDLE_IDENTIFIER = com.ljc.Daryrus.DaryrusTests;
				PRODUCT_NAME = "$(TARGET_NAME)";
				SWIFT_EMIT_LOC_STRINGS = NO;
				SWIFT_VERSION = 5.0;
				TARGETED_DEVICE_FAMILY = "1,2";
				TEST_HOST = "$(BUILT_PRODUCTS_DIR)/Daryrus.app/$(BUNDLE_EXECUTABLE_FOLDER_PATH)/Daryrus";
			};
			name = Release;
		};
		E80B3DA22D04887600BD69E4 /* Debug */ = {
			isa = XCBuildConfiguration;
			buildSettings = {
				CODE_SIGN_STYLE = Automatic;
				CURRENT_PROJECT_VERSION = 1;
				DEVELOPMENT_TEAM = 2RGF372J95;
				GENERATE_INFOPLIST_FILE = YES;
				MARKETING_VERSION = 1.0;
				PRODUCT_BUNDLE_IDENTIFIER = com.ljc.Daryrus.DaryrusUITests;
				PRODUCT_NAME = "$(TARGET_NAME)";
				SWIFT_EMIT_LOC_STRINGS = NO;
				SWIFT_VERSION = 5.0;
				TARGETED_DEVICE_FAMILY = "1,2";
				TEST_TARGET_NAME = Daryrus;
			};
			name = Debug;
		};
		E80B3DA32D04887600BD69E4 /* Release */ = {
			isa = XCBuildConfiguration;
			buildSettings = {
				CODE_SIGN_STYLE = Automatic;
				CURRENT_PROJECT_VERSION = 1;
				DEVELOPMENT_TEAM = 2RGF372J95;
				GENERATE_INFOPLIST_FILE = YES;
				MARKETING_VERSION = 1.0;
				PRODUCT_BUNDLE_IDENTIFIER = com.ljc.Daryrus.DaryrusUITests;
				PRODUCT_NAME = "$(TARGET_NAME)";
				SWIFT_EMIT_LOC_STRINGS = NO;
				SWIFT_VERSION = 5.0;
				TARGETED_DEVICE_FAMILY = "1,2";
				TEST_TARGET_NAME = Daryrus;
			};
			name = Release;
		};
/* End XCBuildConfiguration section */

/* Begin XCConfigurationList section */
		E80B3D722D04887500BD69E4 /* Build configuration list for PBXProject "Daryrus" */ = {
			isa = XCConfigurationList;
			buildConfigurations = (
				E80B3D992D04887600BD69E4 /* Debug */,
				E80B3D9A2D04887600BD69E4 /* Release */,
			);
			defaultConfigurationIsVisible = 0;
			defaultConfigurationName = Release;
		};
		E80B3D9B2D04887600BD69E4 /* Build configuration list for PBXNativeTarget "Daryrus" */ = {
			isa = XCConfigurationList;
			buildConfigurations = (
				E80B3D9C2D04887600BD69E4 /* Debug */,
				E80B3D9D2D04887600BD69E4 /* Release */,
			);
			defaultConfigurationIsVisible = 0;
			defaultConfigurationName = Release;
		};
		E80B3D9E2D04887600BD69E4 /* Build configuration list for PBXNativeTarget "DaryrusTests" */ = {
			isa = XCConfigurationList;
			buildConfigurations = (
				E80B3D9F2D04887600BD69E4 /* Debug */,
				E80B3DA02D04887600BD69E4 /* Release */,
			);
			defaultConfigurationIsVisible = 0;
			defaultConfigurationName = Release;
		};
		E80B3DA12D04887600BD69E4 /* Build configuration list for PBXNativeTarget "DaryrusUITests" */ = {
			isa = XCConfigurationList;
			buildConfigurations = (
				E80B3DA22D04887600BD69E4 /* Debug */,
				E80B3DA32D04887600BD69E4 /* Release */,
			);
			defaultConfigurationIsVisible = 0;
			defaultConfigurationName = Release;
		};
/* End XCConfigurationList section */
	};
	rootObject = E80B3D6F2D04887500BD69E4 /* Project object */;
}
